<?xml version="1.0" encoding="utf-8"?>
<Project ToolsVersion="4.0" xmlns="http://schemas.microsoft.com/developer/msbuild/2003">
  <ItemGroup>
    <Filter Include="Archivos de encabezado">
      <UniqueIdentifier>{93995380-89BD-4b04-88EB-625FBE52EBFB}</UniqueIdentifier>
      <Extensions>h;hh;hpp;hxx;h++;hm;inl;inc;ipp;xsd</Extensions>
    </Filter>
    <Filter Include="Archivos de recursos">
      <UniqueIdentifier>{67DA6AB6-F800-4c08-8B7A-83BB121AAD01}</UniqueIdentifier>
      <Extensions>rc;ico;cur;bmp;dlg;rc2;rct;bin;rgs;gif;jpg;jpeg;jpe;resx;tiff;tif;png;wav;mfcribbon-ms</Extensions>
    </Filter>
    <Filter Include="Archivos de encabezado\Core">
      <UniqueIdentifier>{9e38b62c-8007-4d85-bd70-7b1931c22daf}</UniqueIdentifier>
    </Filter>
    <Filter Include="Archivos de encabezado\Objects">
      <UniqueIdentifier>{324092fd-fc93-4dfc-b483-5a8662015c0c}</UniqueIdentifier>
    </Filter>
    <Filter Include="Archivos de encabezado\Obj_Utils">
      <UniqueIdentifier>{bb44382a-58a4-412e-b97f-69f9e6dcfdef}</UniqueIdentifier>
    </Filter>
    <Filter Include="Archivos de encabezado\ModelLoad">
      <UniqueIdentifier>{db420765-0881-402c-a00c-66c23cfc6096}</UniqueIdentifier>
    </Filter>
    <Filter Include="Archivos de encabezado\Entity">
      <UniqueIdentifier>{7497c276-f934-4a94-b52d-14a40115701a}</UniqueIdentifier>
    </Filter>
    <Filter Include="Archivos de origen">
      <UniqueIdentifier>{4FC737F1-C7A5-4376-A066-2A32D752A2FF}</UniqueIdentifier>
      <Extensions>cpp;c;cc;cxx;c++;cppm;ixx;def;odl;idl;hpj;bat;asm;asmx</Extensions>
    </Filter>
    <Filter Include="Archivos de origen\Core">
      <UniqueIdentifier>{6796dedb-f371-4153-b94b-b98de9be08a9}</UniqueIdentifier>
    </Filter>
    <Filter Include="Archivos de origen\Objects">
      <UniqueIdentifier>{c9977393-c0f6-4416-b046-532f11320b20}</UniqueIdentifier>
    </Filter>
    <Filter Include="Archivos de origen\Obj_Util">
      <UniqueIdentifier>{2f4f0646-5aa5-4370-b8d8-6caf55fa12b9}</UniqueIdentifier>
    </Filter>
    <Filter Include="Archivos de origen\ModelLoad">
      <UniqueIdentifier>{bf610717-545a-467a-b0bd-b8d09b61612e}</UniqueIdentifier>
    </Filter>
    <Filter Include="Archivos de origen\Entity">
      <UniqueIdentifier>{7a5a0de8-9ffd-4303-9886-2dacb653406b}</UniqueIdentifier>
    </Filter>
  </ItemGroup>
  <ItemGroup>
    <ClCompile Include="programa_p1.cpp">
      <Filter>Archivos de origen</Filter>
    </ClCompile>
    <ClCompile Include="Game.cpp">
      <Filter>Archivos de origen\Core</Filter>
    </ClCompile>
    <ClCompile Include="Scene.cpp">
      <Filter>Archivos de origen\Core</Filter>
    </ClCompile>
    <ClCompile Include="Cube.cpp">
      <Filter>Archivos de origen\Objects</Filter>
    </ClCompile>
    <ClCompile Include="Cylinder.cpp">
      <Filter>Archivos de origen\Objects</Filter>
    </ClCompile>
    <ClCompile Include="Prism.cpp">
      <Filter>Archivos de origen\Objects</Filter>
    </ClCompile>
    <ClCompile Include="Sphere.cpp">
      <Filter>Archivos de origen\Objects</Filter>
    </ClCompile>
    <ClCompile Include="Teapot.cpp">
      <Filter>Archivos de origen\Objects</Filter>
    </ClCompile>
    <ClCompile Include="Torus.cpp">
      <Filter>Archivos de origen\Objects</Filter>
    </ClCompile>
    <ClCompile Include="Solid.cpp">
      <Filter>Archivos de origen\Obj_Util</Filter>
    </ClCompile>
    <ClCompile Include="vector3D.cpp">
      <Filter>Archivos de origen\Obj_Util</Filter>
    </ClCompile>
    <ClCompile Include="Color.cpp">
      <Filter>Archivos de origen\Obj_Util</Filter>
    </ClCompile>
    <ClCompile Include="Camera.cpp">
      <Filter>Archivos de origen\Objects</Filter>
    </ClCompile>
    <ClCompile Include="Model.cpp">
      <Filter>Archivos de origen\ModelLoad</Filter>
    </ClCompile>
    <ClCompile Include="ModelLoader.cpp">
      <Filter>Archivos de origen\ModelLoad</Filter>
    </ClCompile>
    <ClCompile Include="Triangle.cpp">
      <Filter>Archivos de origen\ModelLoad</Filter>
    </ClCompile>
    <ClCompile Include="Text.cpp">
      <Filter>Archivos de origen\Objects</Filter>
    </ClCompile>
    <ClCompile Include="Player.cpp">
      <Filter>Archivos de origen\Entity</Filter>
    </ClCompile>
    <ClCompile Include="Score.cpp">
      <Filter>Archivos de origen\Entity</Filter>
    </ClCompile>
    <ClCompile Include="Obstacle.cpp">
      <Filter>Archivos de origen\Entity</Filter>
    </ClCompile>
    <ClCompile Include="Enemy.cpp">
      <Filter>Archivos de origen\Entity</Filter>
    </ClCompile>
    <ClCompile Include="Bonus.cpp">
      <Filter>Archivos de origen\Entity</Filter>
    </ClCompile>
    <ClCompile Include="ScoreboardLoader.cpp">
      <Filter>Archivos de origen\Core</Filter>
    </ClCompile>
  </ItemGroup>
  <ItemGroup>
    <None Include="packages.config" />
  </ItemGroup>
  <ItemGroup>
    <ClInclude Include="Scene.h">
      <Filter>Archivos de encabezado\Core</Filter>
    </ClInclude>
    <ClInclude Include="Game.h">
      <Filter>Archivos de encabezado\Core</Filter>
    </ClInclude>
    <ClInclude Include="Camera.h">
      <Filter>Archivos de encabezado\Objects</Filter>
    </ClInclude>
    <ClInclude Include="Cube.h">
      <Filter>Archivos de encabezado\Objects</Filter>
    </ClInclude>
    <ClInclude Include="Cylinder.h">
      <Filter>Archivos de encabezado\Objects</Filter>
    </ClInclude>
    <ClInclude Include="Prism.h">
      <Filter>Archivos de encabezado\Objects</Filter>
    </ClInclude>
    <ClInclude Include="Sphere.h">
      <Filter>Archivos de encabezado\Objects</Filter>
    </ClInclude>
    <ClInclude Include="Teapot.h">
      <Filter>Archivos de encabezado\Objects</Filter>
    </ClInclude>
    <ClInclude Include="Torus.h">
      <Filter>Archivos de encabezado\Objects</Filter>
    </ClInclude>
    <ClInclude Include="vector3D.h">
      <Filter>Archivos de encabezado\Obj_Utils</Filter>
    </ClInclude>
    <ClInclude Include="Solid.h">
      <Filter>Archivos de encabezado\Obj_Utils</Filter>
    </ClInclude>
    <ClInclude Include="Color.h">
      <Filter>Archivos de encabezado\Obj_Utils</Filter>
    </ClInclude>
    <ClInclude Include="Model.h">
      <Filter>Archivos de encabezado\ModelLoad</Filter>
    </ClInclude>
    <ClInclude Include="ModelLoader.h">
      <Filter>Archivos de encabezado\ModelLoad</Filter>
    </ClInclude>
    <ClInclude Include="Triangle.h">
      <Filter>Archivos de encabezado\ModelLoad</Filter>
    </ClInclude>
    <ClInclude Include="Player.h">
      <Filter>Archivos de encabezado\Entity</Filter>
    </ClInclude>
    <ClInclude Include="Text.h">
      <Filter>Archivos de encabezado\Objects</Filter>
    </ClInclude>
    <ClInclude Include="Score.h">
      <Filter>Archivos de encabezado\Entity</Filter>
    </ClInclude>
    <ClInclude Include="Obstacle.h">
      <Filter>Archivos de encabezado\Entity</Filter>
    </ClInclude>
    <ClInclude Include="Bonus.h">
      <Filter>Archivos de encabezado\Entity</Filter>
    </ClInclude>
    <ClInclude Include="Enemy.h">
      <Filter>Archivos de encabezado\Entity</Filter>
    </ClInclude>
    <ClInclude Include="ScoreboardLoader.h">
      <Filter>Archivos de encabezado\Core</Filter>
    </ClInclude>
  </ItemGroup>
</Project>